{
  "nodes": {
    "brew-src": {
      "flake": false,
      "locked": {
        "lastModified": 1758543057,
        "narHash": "sha256-lw3V2jOGYphUFHYQ5oARcb6urlbNpUCLJy1qhsGdUmc=",
        "owner": "Homebrew",
        "repo": "brew",
        "rev": "5b236456eb93133c2bd0d60ef35ed63f1c0712f6",
        "type": "github"
      },
      "original": {
        "owner": "Homebrew",
        "ref": "4.6.12",
        "repo": "brew",
        "type": "github"
      }
    },
    "fish-tide": {
      "flake": false,
      "locked": {
        "lastModified": 1703712950,
        "narHash": "sha256-ZyEk/WoxdX5Fr2kXRERQS1U1QHH3oVSyBQvlwYnEYyc=",
        "owner": "IlanCosman",
        "repo": "tide",
        "rev": "a34b0c2809f665e854d6813dd4b052c1b32a32b4",
        "type": "github"
      },
      "original": {
        "owner": "IlanCosman",
        "ref": "v6.1.1",
        "repo": "tide",
        "type": "github"
      }
    },
    "flake-utils": {
      "inputs": {
        "systems": "systems"
      },
      "locked": {
        "lastModified": 1731533236,
        "narHash": "sha256-l0KFg5HjrsfsO/JpG+r7fRrqm12kzFHyUHqHCVpMMbI=",
        "owner": "numtide",
        "repo": "flake-utils",
        "rev": "11707dc2f618dd54ca8739b309ec4fc024de578b",
        "type": "github"
      },
      "original": {
        "owner": "numtide",
        "repo": "flake-utils",
        "type": "github"
      }
    },
    "gromgit-fuse": {
      "flake": false,
      "locked": {
        "lastModified": 1761272382,
        "narHash": "sha256-jrTQNPklyKTnyvPlGHMNEq/7RI2gSMrA9VlqqPgwz7M=",
        "owner": "gromgit",
        "repo": "homebrew-fuse",
        "rev": "7c48dade8029ddf3cc0cd7c87174eb533a032408",
        "type": "github"
      },
      "original": {
        "owner": "gromgit",
        "repo": "homebrew-fuse",
        "type": "github"
      }
    },
    "home-manager": {
      "inputs": {
        "nixpkgs": [
          "nixpkgs"
        ]
      },
      "locked": {
        "lastModified": 1761395627,
        "narHash": "sha256-9wQpgBRW2PzYw1wx+MgCt1IbPAYz93csApLMgSZOJCk=",
        "owner": "nix-community",
        "repo": "home-manager",
        "rev": "7296022150cd775917e4c831c393026eae7c2427",
        "type": "github"
      },
      "original": {
        "owner": "nix-community",
        "ref": "master",
        "repo": "home-manager",
        "type": "github"
      }
    },
    "homebrew-bundle": {
      "flake": false,
      "locked": {
        "lastModified": 1745335228,
        "narHash": "sha256-TIKR2UgtyUmHLNZp255/vLs+1I10hXe+sciMEbAGFwE=",
        "owner": "homebrew",
        "repo": "homebrew-bundle",
        "rev": "a3265c84b232e13048ecbf6fc18a2eedfadbeb08",
        "type": "github"
      },
      "original": {
        "owner": "homebrew",
        "repo": "homebrew-bundle",
        "type": "github"
      }
    },
    "homebrew-cask": {
      "flake": false,
      "locked": {
        "lastModified": 1761408084,
        "narHash": "sha256-2IQ30GCTogktnb1nEEW4LgZDrQutQKZTXYDELWJ2piE=",
        "owner": "homebrew",
        "repo": "homebrew-cask",
        "rev": "c82515460f7325b98a195e2e75dcffc9441ccb14",
        "type": "github"
      },
      "original": {
        "owner": "homebrew",
        "repo": "homebrew-cask",
        "type": "github"
      }
    },
    "homebrew-core": {
      "flake": false,
      "locked": {
        "lastModified": 1761408029,
        "narHash": "sha256-B6miYnDSx10OvcxgiKzyNUg5KiO9H7W2ss+i+zKA0Cs=",
        "owner": "homebrew",
        "repo": "homebrew-core",
        "rev": "1decc020fc93736c035ec670f6c5513c4b1fdb0b",
        "type": "github"
      },
      "original": {
        "owner": "homebrew",
        "repo": "homebrew-core",
        "type": "github"
      }
    },
    "kitty-icon": {
      "flake": false,
      "locked": {
        "lastModified": 1696432667,
        "narHash": "sha256-AXU1KOXaEiAMTkgkR+yVc8g4FZq8TqXj9imswCHhNKc=",
        "owner": "k0nserv",
        "repo": "kitty-icon",
        "rev": "7f631a61bcbdfb268cdf1c97992a5c077beec9d6",
        "type": "github"
      },
      "original": {
        "owner": "k0nserv",
        "repo": "kitty-icon",
        "type": "github"
      }
    },
    "nix-darwin": {
      "inputs": {
        "nixpkgs": [
          "nixpkgs"
        ]
      },
      "locked": {
        "lastModified": 1761339987,
        "narHash": "sha256-IUaawVwItZKi64IA6kF6wQCLCzpXbk2R46dHn8sHkig=",
        "owner": "nix-darwin",
        "repo": "nix-darwin",
        "rev": "7cd9aac79ee2924a85c211d21fafd394b06a38de",
        "type": "github"
      },
      "original": {
        "owner": "nix-darwin",
        "ref": "master",
        "repo": "nix-darwin",
        "type": "github"
      }
    },
    "nix-homebrew": {
      "inputs": {
        "brew-src": "brew-src"
      },
      "locked": {
        "lastModified": 1758598228,
        "narHash": "sha256-qr60maXGbZ4FX5tejPRI3nr0bnRTnZ3AbbbfO6/6jq4=",
        "owner": "zhaofengli",
        "repo": "nix-homebrew",
        "rev": "f36e5db56e117f7df701ab152d0d2036ea85218c",
        "type": "github"
      },
      "original": {
        "owner": "zhaofengli",
        "repo": "nix-homebrew",
        "type": "github"
      }
    },
    "nixpkgs": {
      "locked": {
        "lastModified": 1761349956,
        "narHash": "sha256-tH3wHnOJms+U4k/rK2Nn1RfBrhffX92jLP/2VndSn0w=",
        "owner": "NixOS",
        "repo": "nixpkgs",
        "rev": "02f2cb8e0feb4596d20cc52fda73ccee960e3538",
        "type": "github"
      },
      "original": {
        "owner": "NixOS",
        "ref": "nixpkgs-unstable",
        "repo": "nixpkgs",
        "type": "github"
      }
    },
    "root": {
      "inputs": {
        "fish-tide": "fish-tide",
        "flake-utils": "flake-utils",
        "gromgit-fuse": "gromgit-fuse",
        "home-manager": "home-manager",
        "homebrew-bundle": "homebrew-bundle",
        "homebrew-cask": "homebrew-cask",
        "homebrew-core": "homebrew-core",
        "kitty-icon": "kitty-icon",
        "nix-darwin": "nix-darwin",
        "nix-homebrew": "nix-homebrew",
        "nixpkgs": "nixpkgs"
      }
    },
    "systems": {
      "locked": {
        "lastModified": 1681028828,
        "narHash": "sha256-Vy1rq5AaRuLzOxct8nz4T6wlgyUR7zLU309k9mBC768=",
        "owner": "nix-systems",
        "repo": "default",
        "rev": "da67096a3b9bf56a91d16901293e51ba5b49a27e",
        "type": "github"
      },
      "original": {
        "owner": "nix-systems",
        "repo": "default",
        "type": "github"
      }
    }
  },
  "root": "root",
  "version": 7
}
